// !$*UTF8*$!
{
	archiveVersion = 1;
	classes = {
	};
	objectVersion = 56;
	objects = {

/* Begin PBXBuildFile section */
		478D924F8178AB46A7F49120 /* Pods_iSongsUITests.framework in Frameworks */ = {isa = PBXBuildFile; fileRef = 09FFE9864F0289CF52567B6A /* Pods_iSongsUITests.framework */; };
		7AF03556DA3B59AF1D29A1A4 /* Pods_iSongs.framework in Frameworks */ = {isa = PBXBuildFile; fileRef = DE95A9FA449FDE30D10F2B2B /* Pods_iSongs.framework */; };
		E44FCD392CD6E8EA00270709 /* HomeView.swift in Sources */ = {isa = PBXBuildFile; fileRef = E44FCD2D2CD6E8EA00270709 /* HomeView.swift */; };
		E44FCD3A2CD6E8EA00270709 /* HomeViewModel.swift in Sources */ = {isa = PBXBuildFile; fileRef = E44FCD2E2CD6E8EA00270709 /* HomeViewModel.swift */; };
		E44FCD3B2CD6E8EA00270709 /* NavigationManager.swift in Sources */ = {isa = PBXBuildFile; fileRef = E44FCD2F2CD6E8EA00270709 /* NavigationManager.swift */; };
		E44FCD3C2CD6E8EA00270709 /* MiniPlayerView.swift in Sources */ = {isa = PBXBuildFile; fileRef = E44FCD302CD6E8EA00270709 /* MiniPlayerView.swift */; };
		E44FCD3D2CD6E8EA00270709 /* AuthenticationView.swift in Sources */ = {isa = PBXBuildFile; fileRef = E44FCD312CD6E8EA00270709 /* AuthenticationView.swift */; };
		E44FCD3E2CD6E8EA00270709 /* ThemeManager.swift in Sources */ = {isa = PBXBuildFile; fileRef = E44FCD322CD6E8EA00270709 /* ThemeManager.swift */; };
		E44FCD3F2CD6E8EA00270709 /* SearchView.swift in Sources */ = {isa = PBXBuildFile; fileRef = E44FCD332CD6E8EA00270709 /* SearchView.swift */; };
		E44FCD402CD6E8EA00270709 /* YouTubeService.swift in Sources */ = {isa = PBXBuildFile; fileRef = E44FCD342CD6E8EA00270709 /* YouTubeService.swift */; };
		E44FCD412CD6E8EA00270709 /* PlaybackManager.swift in Sources */ = {isa = PBXBuildFile; fileRef = E44FCD352CD6E8EA00270709 /* PlaybackManager.swift */; };
		E44FCD422CD6E8EA00270709 /* ProfileView.swift in Sources */ = {isa = PBXBuildFile; fileRef = E44FCD362CD6E8EA00270709 /* ProfileView.swift */; };
		E44FCD432CD6E8EA00270709 /* LibraryView.swift in Sources */ = {isa = PBXBuildFile; fileRef = E44FCD372CD6E8EA00270709 /* LibraryView.swift */; };
		E44FCD442CD6E8EA00270709 /* PlaylistDetailView.swift in Sources */ = {isa = PBXBuildFile; fileRef = E44FCD382CD6E8EA00270709 /* PlaylistDetailView.swift */; };
		E4F2481F2CD6E2E30063AC18 /* iSongsApp.swift in Sources */ = {isa = PBXBuildFile; fileRef = E4F2481E2CD6E2E30063AC18 /* iSongsApp.swift */; };
		E4F248212CD6E2E30063AC18 /* ContentView.swift in Sources */ = {isa = PBXBuildFile; fileRef = E4F248202CD6E2E30063AC18 /* ContentView.swift */; };
		E4F248232CD6E2E40063AC18 /* Assets.xcassets in Resources */ = {isa = PBXBuildFile; fileRef = E4F248222CD6E2E40063AC18 /* Assets.xcassets */; };
		E4F248262CD6E2E40063AC18 /* Preview Assets.xcassets in Resources */ = {isa = PBXBuildFile; fileRef = E4F248252CD6E2E40063AC18 /* Preview Assets.xcassets */; };
		E4F248302CD6E2E40063AC18 /* iSongsTests.swift in Sources */ = {isa = PBXBuildFile; fileRef = E4F2482F2CD6E2E40063AC18 /* iSongsTests.swift */; };
		E4F2483A2CD6E2E40063AC18 /* iSongsUITests.swift in Sources */ = {isa = PBXBuildFile; fileRef = E4F248392CD6E2E40063AC18 /* iSongsUITests.swift */; };
		E4F2483C2CD6E2E40063AC18 /* iSongsUITestsLaunchTests.swift in Sources */ = {isa = PBXBuildFile; fileRef = E4F2483B2CD6E2E40063AC18 /* iSongsUITestsLaunchTests.swift */; };
		EB6CA769107BB754664D3DBE /* Pods_iSongsTests.framework in Frameworks */ = {isa = PBXBuildFile; fileRef = 71899E4646BDEFFFFE61C96D /* Pods_iSongsTests.framework */; };
/* End PBXBuildFile section */

/* Begin PBXContainerItemProxy section */
		E4F2482C2CD6E2E40063AC18 /* PBXContainerItemProxy */ = {
			isa = PBXContainerItemProxy;
			containerPortal = E4F248132CD6E2E30063AC18 /* Project object */;
			proxyType = 1;
			remoteGlobalIDString = E4F2481A2CD6E2E30063AC18;
			remoteInfo = iSongs;
		};
		E4F248362CD6E2E40063AC18 /* PBXContainerItemProxy */ = {
			isa = PBXContainerItemProxy;
			containerPortal = E4F248132CD6E2E30063AC18 /* Project object */;
			proxyType = 1;
			remoteGlobalIDString = E4F2481A2CD6E2E30063AC18;
			remoteInfo = iSongs;
		};
/* End PBXContainerItemProxy section */

/* Begin PBXFileReference section */
		09FFE9864F0289CF52567B6A /* Pods_iSongsUITests.framework */ = {isa = PBXFileReference; explicitFileType = wrapper.framework; includeInIndex = 0; path = Pods_iSongsUITests.framework; sourceTree = BUILT_PRODUCTS_DIR; };
		2DE618CC9F164AB0A6813E1B /* Pods-iSongsUITests.debug.xcconfig */ = {isa = PBXFileReference; includeInIndex = 1; lastKnownFileType = text.xcconfig; name = "Pods-iSongsUITests.debug.xcconfig"; path = "Target Support Files/Pods-iSongsUITests/Pods-iSongsUITests.debug.xcconfig"; sourceTree = "<group>"; };
		71899E4646BDEFFFFE61C96D /* Pods_iSongsTests.framework */ = {isa = PBXFileReference; explicitFileType = wrapper.framework; includeInIndex = 0; path = Pods_iSongsTests.framework; sourceTree = BUILT_PRODUCTS_DIR; };
		883C0581F4EE94A6100C3CB2 /* Pods-iSongs.release.xcconfig */ = {isa = PBXFileReference; includeInIndex = 1; lastKnownFileType = text.xcconfig; name = "Pods-iSongs.release.xcconfig"; path = "Target Support Files/Pods-iSongs/Pods-iSongs.release.xcconfig"; sourceTree = "<group>"; };
		9585F6E32A076E3927384A44 /* Pods-iSongs.debug.xcconfig */ = {isa = PBXFileReference; includeInIndex = 1; lastKnownFileType = text.xcconfig; name = "Pods-iSongs.debug.xcconfig"; path = "Target Support Files/Pods-iSongs/Pods-iSongs.debug.xcconfig"; sourceTree = "<group>"; };
		CC5D97147063E65980D7F1BE /* Pods-iSongsUITests.release.xcconfig */ = {isa = PBXFileReference; includeInIndex = 1; lastKnownFileType = text.xcconfig; name = "Pods-iSongsUITests.release.xcconfig"; path = "Target Support Files/Pods-iSongsUITests/Pods-iSongsUITests.release.xcconfig"; sourceTree = "<group>"; };
		D00118CD71E0E6530605E23F /* Pods-iSongsTests.release.xcconfig */ = {isa = PBXFileReference; includeInIndex = 1; lastKnownFileType = text.xcconfig; name = "Pods-iSongsTests.release.xcconfig"; path = "Target Support Files/Pods-iSongsTests/Pods-iSongsTests.release.xcconfig"; sourceTree = "<group>"; };
		DE95A9FA449FDE30D10F2B2B /* Pods_iSongs.framework */ = {isa = PBXFileReference; explicitFileType = wrapper.framework; includeInIndex = 0; path = Pods_iSongs.framework; sourceTree = BUILT_PRODUCTS_DIR; };
		E44FCD2D2CD6E8EA00270709 /* HomeView.swift */ = {isa = PBXFileReference; fileEncoding = 4; lastKnownFileType = sourcecode.swift; path = HomeView.swift; sourceTree = "<group>"; };
		E44FCD2E2CD6E8EA00270709 /* HomeViewModel.swift */ = {isa = PBXFileReference; fileEncoding = 4; lastKnownFileType = sourcecode.swift; path = HomeViewModel.swift; sourceTree = "<group>"; };
		E44FCD2F2CD6E8EA00270709 /* NavigationManager.swift */ = {isa = PBXFileReference; fileEncoding = 4; lastKnownFileType = sourcecode.swift; path = NavigationManager.swift; sourceTree = "<group>"; };
		E44FCD302CD6E8EA00270709 /* MiniPlayerView.swift */ = {isa = PBXFileReference; fileEncoding = 4; lastKnownFileType = sourcecode.swift; path = MiniPlayerView.swift; sourceTree = "<group>"; };
		E44FCD312CD6E8EA00270709 /* AuthenticationView.swift */ = {isa = PBXFileReference; fileEncoding = 4; lastKnownFileType = sourcecode.swift; path = AuthenticationView.swift; sourceTree = "<group>"; };
		E44FCD322CD6E8EA00270709 /* ThemeManager.swift */ = {isa = PBXFileReference; fileEncoding = 4; lastKnownFileType = sourcecode.swift; path = ThemeManager.swift; sourceTree = "<group>"; };
		E44FCD332CD6E8EA00270709 /* SearchView.swift */ = {isa = PBXFileReference; fileEncoding = 4; lastKnownFileType = sourcecode.swift; path = SearchView.swift; sourceTree = "<group>"; };
		E44FCD342CD6E8EA00270709 /* YouTubeService.swift */ = {isa = PBXFileReference; fileEncoding = 4; lastKnownFileType = sourcecode.swift; path = YouTubeService.swift; sourceTree = "<group>"; };
		E44FCD352CD6E8EA00270709 /* PlaybackManager.swift */ = {isa = PBXFileReference; fileEncoding = 4; lastKnownFileType = sourcecode.swift; path = PlaybackManager.swift; sourceTree = "<group>"; };
		E44FCD362CD6E8EA00270709 /* ProfileView.swift */ = {isa = PBXFileReference; fileEncoding = 4; lastKnownFileType = sourcecode.swift; path = ProfileView.swift; sourceTree = "<group>"; };
		E44FCD372CD6E8EA00270709 /* LibraryView.swift */ = {isa = PBXFileReference; fileEncoding = 4; lastKnownFileType = sourcecode.swift; path = LibraryView.swift; sourceTree = "<group>"; };
		E44FCD382CD6E8EA00270709 /* PlaylistDetailView.swift */ = {isa = PBXFileReference; fileEncoding = 4; lastKnownFileType = sourcecode.swift; path = PlaylistDetailView.swift; sourceTree = "<group>"; };
		E4F2481B2CD6E2E30063AC18 /* iSongs.app */ = {isa = PBXFileReference; explicitFileType = wrapper.application; includeInIndex = 0; path = iSongs.app; sourceTree = BUILT_PRODUCTS_DIR; };
		E4F2481E2CD6E2E30063AC18 /* iSongsApp.swift */ = {isa = PBXFileReference; lastKnownFileType = sourcecode.swift; path = iSongsApp.swift; sourceTree = "<group>"; };
		E4F248202CD6E2E30063AC18 /* ContentView.swift */ = {isa = PBXFileReference; lastKnownFileType = sourcecode.swift; path = ContentView.swift; sourceTree = "<group>"; };
		E4F248222CD6E2E40063AC18 /* Assets.xcassets */ = {isa = PBXFileReference; lastKnownFileType = folder.assetcatalog; path = Assets.xcassets; sourceTree = "<group>"; };
		E4F248252CD6E2E40063AC18 /* Preview Assets.xcassets */ = {isa = PBXFileReference; lastKnownFileType = folder.assetcatalog; path = "Preview Assets.xcassets"; sourceTree = "<group>"; };
		E4F2482B2CD6E2E40063AC18 /* iSongsTests.xctest */ = {isa = PBXFileReference; explicitFileType = wrapper.cfbundle; includeInIndex = 0; path = iSongsTests.xctest; sourceTree = BUILT_PRODUCTS_DIR; };
		E4F2482F2CD6E2E40063AC18 /* iSongsTests.swift */ = {isa = PBXFileReference; lastKnownFileType = sourcecode.swift; path = iSongsTests.swift; sourceTree = "<group>"; };
		E4F248352CD6E2E40063AC18 /* iSongsUITests.xctest */ = {isa = PBXFileReference; explicitFileType = wrapper.cfbundle; includeInIndex = 0; path = iSongsUITests.xctest; sourceTree = BUILT_PRODUCTS_DIR; };
		E4F248392CD6E2E40063AC18 /* iSongsUITests.swift */ = {isa = PBXFileReference; lastKnownFileType = sourcecode.swift; path = iSongsUITests.swift; sourceTree = "<group>"; };
		E4F2483B2CD6E2E40063AC18 /* iSongsUITestsLaunchTests.swift */ = {isa = PBXFileReference; lastKnownFileType = sourcecode.swift; path = iSongsUITestsLaunchTests.swift; sourceTree = "<group>"; };
		E64CDC5BA58452B27BD1344D /* Pods-iSongsTests.debug.xcconfig */ = {isa = PBXFileReference; includeInIndex = 1; lastKnownFileType = text.xcconfig; name = "Pods-iSongsTests.debug.xcconfig"; path = "Target Support Files/Pods-iSongsTests/Pods-iSongsTests.debug.xcconfig"; sourceTree = "<group>"; };
/* End PBXFileReference section */

/* Begin PBXFrameworksBuildPhase section */
		E4F248182CD6E2E30063AC18 /* Frameworks */ = {
			isa = PBXFrameworksBuildPhase;
			buildActionMask = 2147483647;
			files = (
				7AF03556DA3B59AF1D29A1A4 /* Pods_iSongs.framework in Frameworks */,
			);
			runOnlyForDeploymentPostprocessing = 0;
		};
		E4F248282CD6E2E40063AC18 /* Frameworks */ = {
			isa = PBXFrameworksBuildPhase;
			buildActionMask = 2147483647;
			files = (
				EB6CA769107BB754664D3DBE /* Pods_iSongsTests.framework in Frameworks */,
			);
			runOnlyForDeploymentPostprocessing = 0;
		};
		E4F248322CD6E2E40063AC18 /* Frameworks */ = {
			isa = PBXFrameworksBuildPhase;
			buildActionMask = 2147483647;
			files = (
				478D924F8178AB46A7F49120 /* Pods_iSongsUITests.framework in Frameworks */,
			);
			runOnlyForDeploymentPostprocessing = 0;
		};
/* End PBXFrameworksBuildPhase section */

/* Begin PBXGroup section */
		438E609B9332D1CE1F2C8BFF /* Pods */ = {
			isa = PBXGroup;
			children = (
				9585F6E32A076E3927384A44 /* Pods-iSongs.debug.xcconfig */,
				883C0581F4EE94A6100C3CB2 /* Pods-iSongs.release.xcconfig */,
				E64CDC5BA58452B27BD1344D /* Pods-iSongsTests.debug.xcconfig */,
				D00118CD71E0E6530605E23F /* Pods-iSongsTests.release.xcconfig */,
				2DE618CC9F164AB0A6813E1B /* Pods-iSongsUITests.debug.xcconfig */,
				CC5D97147063E65980D7F1BE /* Pods-iSongsUITests.release.xcconfig */,
			);
			name = Pods;
			path = Pods;
			sourceTree = "<group>";
		};
		CCB7532B89C7A2F8EFF4BEC4 /* Frameworks */ = {
			isa = PBXGroup;
			children = (
				DE95A9FA449FDE30D10F2B2B /* Pods_iSongs.framework */,
				71899E4646BDEFFFFE61C96D /* Pods_iSongsTests.framework */,
				09FFE9864F0289CF52567B6A /* Pods_iSongsUITests.framework */,
			);
			name = Frameworks;
			sourceTree = "<group>";
		};
		E4F248122CD6E2E30063AC18 = {
			isa = PBXGroup;
			children = (
				E4F2481D2CD6E2E30063AC18 /* iSongs */,
				E4F2482E2CD6E2E40063AC18 /* iSongsTests */,
				E4F248382CD6E2E40063AC18 /* iSongsUITests */,
				E4F2481C2CD6E2E30063AC18 /* Products */,
				438E609B9332D1CE1F2C8BFF /* Pods */,
				CCB7532B89C7A2F8EFF4BEC4 /* Frameworks */,
			);
			sourceTree = "<group>";
		};
		E4F2481C2CD6E2E30063AC18 /* Products */ = {
			isa = PBXGroup;
			children = (
				E4F2481B2CD6E2E30063AC18 /* iSongs.app */,
				E4F2482B2CD6E2E40063AC18 /* iSongsTests.xctest */,
				E4F248352CD6E2E40063AC18 /* iSongsUITests.xctest */,
			);
			name = Products;
			sourceTree = "<group>";
		};
		E4F2481D2CD6E2E30063AC18 /* iSongs */ = {
			isa = PBXGroup;
			children = (
				E44FCD312CD6E8EA00270709 /* AuthenticationView.swift */,
				E44FCD2D2CD6E8EA00270709 /* HomeView.swift */,
				E44FCD2E2CD6E8EA00270709 /* HomeViewModel.swift */,
				E44FCD372CD6E8EA00270709 /* LibraryView.swift */,
				E44FCD302CD6E8EA00270709 /* MiniPlayerView.swift */,
				E44FCD2F2CD6E8EA00270709 /* NavigationManager.swift */,
				E44FCD352CD6E8EA00270709 /* PlaybackManager.swift */,
				E44FCD382CD6E8EA00270709 /* PlaylistDetailView.swift */,
				E44FCD362CD6E8EA00270709 /* ProfileView.swift */,
				E44FCD332CD6E8EA00270709 /* SearchView.swift */,
				E44FCD322CD6E8EA00270709 /* ThemeManager.swift */,
				E44FCD342CD6E8EA00270709 /* YouTubeService.swift */,
				E4F2481E2CD6E2E30063AC18 /* iSongsApp.swift */,
				E4F248202CD6E2E30063AC18 /* ContentView.swift */,
				E4F248222CD6E2E40063AC18 /* Assets.xcassets */,
				E4F248242CD6E2E40063AC18 /* Preview Content */,
			);
			path = iSongs;
			sourceTree = "<group>";
		};
		E4F248242CD6E2E40063AC18 /* Preview Content */ = {
			isa = PBXGroup;
			children = (
				E4F248252CD6E2E40063AC18 /* Preview Assets.xcassets */,
			);
			path = "Preview Content";
			sourceTree = "<group>";
		};
		E4F2482E2CD6E2E40063AC18 /* iSongsTests */ = {
			isa = PBXGroup;
			children = (
				E4F2482F2CD6E2E40063AC18 /* iSongsTests.swift */,
			);
			path = iSongsTests;
			sourceTree = "<group>";
		};
		E4F248382CD6E2E40063AC18 /* iSongsUITests */ = {
			isa = PBXGroup;
			children = (
				E4F248392CD6E2E40063AC18 /* iSongsUITests.swift */,
				E4F2483B2CD6E2E40063AC18 /* iSongsUITestsLaunchTests.swift */,
			);
			path = iSongsUITests;
			sourceTree = "<group>";
		};
/* End PBXGroup section */

/* Begin PBXNativeTarget section */
		E4F2481A2CD6E2E30063AC18 /* iSongs */ = {
			isa = PBXNativeTarget;
			buildConfigurationList = E4F2483F2CD6E2E40063AC18 /* Build configuration list for PBXNativeTarget "iSongs" */;
			buildPhases = (
				2D8F96BB736180FC757877E6 /* [CP] Check Pods Manifest.lock */,
				E4F248172CD6E2E30063AC18 /* Sources */,
				E4F248182CD6E2E30063AC18 /* Frameworks */,
				E4F248192CD6E2E30063AC18 /* Resources */,
				66B769B64AEA1BE42B4942D0 /* [CP] Embed Pods Frameworks */,
			);
			buildRules = (
			);
			dependencies = (
			);
			name = iSongs;
			productName = iSongs;
			productReference = E4F2481B2CD6E2E30063AC18 /* iSongs.app */;
			productType = "com.apple.product-type.application";
		};
		E4F2482A2CD6E2E40063AC18 /* iSongsTests */ = {
			isa = PBXNativeTarget;
			buildConfigurationList = E4F248422CD6E2E40063AC18 /* Build configuration list for PBXNativeTarget "iSongsTests" */;
			buildPhases = (
				56724C1AB3F14ECFD86171E7 /* [CP] Check Pods Manifest.lock */,
				E4F248272CD6E2E40063AC18 /* Sources */,
				E4F248282CD6E2E40063AC18 /* Frameworks */,
				E4F248292CD6E2E40063AC18 /* Resources */,
			);
			buildRules = (
			);
			dependencies = (
				E4F2482D2CD6E2E40063AC18 /* PBXTargetDependency */,
			);
			name = iSongsTests;
			productName = iSongsTests;
			productReference = E4F2482B2CD6E2E40063AC18 /* iSongsTests.xctest */;
			productType = "com.apple.product-type.bundle.unit-test";
		};
		E4F248342CD6E2E40063AC18 /* iSongsUITests */ = {
			isa = PBXNativeTarget;
			buildConfigurationList = E4F248452CD6E2E40063AC18 /* Build configuration list for PBXNativeTarget "iSongsUITests" */;
			buildPhases = (
				824D40A0612E306FA25674E1 /* [CP] Check Pods Manifest.lock */,
				E4F248312CD6E2E40063AC18 /* Sources */,
				E4F248322CD6E2E40063AC18 /* Frameworks */,
				E4F248332CD6E2E40063AC18 /* Resources */,
			);
			buildRules = (
			);
			dependencies = (
				E4F248372CD6E2E40063AC18 /* PBXTargetDependency */,
			);
			name = iSongsUITests;
			productName = iSongsUITests;
			productReference = E4F248352CD6E2E40063AC18 /* iSongsUITests.xctest */;
			productType = "com.apple.product-type.bundle.ui-testing";
		};
/* End PBXNativeTarget section */

/* Begin PBXProject section */
		E4F248132CD6E2E30063AC18 /* Project object */ = {
			isa = PBXProject;
			attributes = {
				BuildIndependentTargetsInParallel = 1;
				LastSwiftUpdateCheck = 1540;
				LastUpgradeCheck = 1540;
				TargetAttributes = {
					E4F2481A2CD6E2E30063AC18 = {
						CreatedOnToolsVersion = 15.4;
					};
					E4F2482A2CD6E2E40063AC18 = {
						CreatedOnToolsVersion = 15.4;
						TestTargetID = E4F2481A2CD6E2E30063AC18;
					};
					E4F248342CD6E2E40063AC18 = {
						CreatedOnToolsVersion = 15.4;
						TestTargetID = E4F2481A2CD6E2E30063AC18;
					};
				};
			};
			buildConfigurationList = E4F248162CD6E2E30063AC18 /* Build configuration list for PBXProject "iSongs" */;
			compatibilityVersion = "Xcode 14.0";
			developmentRegion = en;
			hasScannedForEncodings = 0;
			knownRegions = (
				en,
				Base,
			);
			mainGroup = E4F248122CD6E2E30063AC18;
			productRefGroup = E4F2481C2CD6E2E30063AC18 /* Products */;
			projectDirPath = "";
			projectRoot = "";
			targets = (
				E4F2481A2CD6E2E30063AC18 /* iSongs */,
				E4F2482A2CD6E2E40063AC18 /* iSongsTests */,
				E4F248342CD6E2E40063AC18 /* iSongsUITests */,
			);
		};
/* End PBXProject section */

/* Begin PBXResourcesBuildPhase section */
		E4F248192CD6E2E30063AC18 /* Resources */ = {
			isa = PBXResourcesBuildPhase;
			buildActionMask = 2147483647;
			files = (
				E4F248262CD6E2E40063AC18 /* Preview Assets.xcassets in Resources */,
				E4F248232CD6E2E40063AC18 /* Assets.xcassets in Resources */,
			);
			runOnlyForDeploymentPostprocessing = 0;
		};
		E4F248292CD6E2E40063AC18 /* Resources */ = {
			isa = PBXResourcesBuildPhase;
			buildActionMask = 2147483647;
			files = (
			);
			runOnlyForDeploymentPostprocessing = 0;
		};
		E4F248332CD6E2E40063AC18 /* Resources */ = {
			isa = PBXResourcesBuildPhase;
			buildActionMask = 2147483647;
			files = (
			);
			runOnlyForDeploymentPostprocessing = 0;
		};
/* End PBXResourcesBuildPhase section */

/* Begin PBXShellScriptBuildPhase section */
		2D8F96BB736180FC757877E6 /* [CP] Check Pods Manifest.lock */ = {
			isa = PBXShellScriptBuildPhase;
			buildActionMask = 2147483647;
			files = (
			);
			inputFileListPaths = (
			);
			inputPaths = (
				"${PODS_PODFILE_DIR_PATH}/Podfile.lock",
				"${PODS_ROOT}/Manifest.lock",
			);
			name = "[CP] Check Pods Manifest.lock";
			outputFileListPaths = (
			);
			outputPaths = (
				"$(DERIVED_FILE_DIR)/Pods-iSongs-checkManifestLockResult.txt",
			);
			runOnlyForDeploymentPostprocessing = 0;
			shellPath = /bin/sh;
			shellScript = "diff \"${PODS_PODFILE_DIR_PATH}/Podfile.lock\" \"${PODS_ROOT}/Manifest.lock\" > /dev/null\nif [ $? != 0 ] ; then\n    # print error to STDERR\n    echo \"error: The sandbox is not in sync with the Podfile.lock. Run 'pod install' or update your CocoaPods installation.\" >&2\n    exit 1\nfi\n# This output is used by Xcode 'outputs' to avoid re-running this script phase.\necho \"SUCCESS\" > \"${SCRIPT_OUTPUT_FILE_0}\"\n";
			showEnvVarsInLog = 0;
		};
		56724C1AB3F14ECFD86171E7 /* [CP] Check Pods Manifest.lock */ = {
			isa = PBXShellScriptBuildPhase;
			buildActionMask = 2147483647;
			files = (
			);
			inputFileListPaths = (
			);
			inputPaths = (
				"${PODS_PODFILE_DIR_PATH}/Podfile.lock",
				"${PODS_ROOT}/Manifest.lock",
			);
			name = "[CP] Check Pods Manifest.lock";
			outputFileListPaths = (
			);
			outputPaths = (
				"$(DERIVED_FILE_DIR)/Pods-iSongsTests-checkManifestLockResult.txt",
			);
			runOnlyForDeploymentPostprocessing = 0;
			shellPath = /bin/sh;
			shellScript = "diff \"${PODS_PODFILE_DIR_PATH}/Podfile.lock\" \"${PODS_ROOT}/Manifest.lock\" > /dev/null\nif [ $? != 0 ] ; then\n    # print error to STDERR\n    echo \"error: The sandbox is not in sync with the Podfile.lock. Run 'pod install' or update your CocoaPods installation.\" >&2\n    exit 1\nfi\n# This output is used by Xcode 'outputs' to avoid re-running this script phase.\necho \"SUCCESS\" > \"${SCRIPT_OUTPUT_FILE_0}\"\n";
			showEnvVarsInLog = 0;
		};
		66B769B64AEA1BE42B4942D0 /* [CP] Embed Pods Frameworks */ = {
			isa = PBXShellScriptBuildPhase;
			buildActionMask = 2147483647;
			files = (
			);
			inputFileListPaths = (
				"${PODS_ROOT}/Target Support Files/Pods-iSongs/Pods-iSongs-frameworks-${CONFIGURATION}-input-files.xcfilelist",
			);
			name = "[CP] Embed Pods Frameworks";
			outputFileListPaths = (
				"${PODS_ROOT}/Target Support Files/Pods-iSongs/Pods-iSongs-frameworks-${CONFIGURATION}-output-files.xcfilelist",
			);
			runOnlyForDeploymentPostprocessing = 0;
			shellPath = /bin/sh;
			shellScript = "\"${PODS_ROOT}/Target Support Files/Pods-iSongs/Pods-iSongs-frameworks.sh\"\n";
			showEnvVarsInLog = 0;
		};
		824D40A0612E306FA25674E1 /* [CP] Check Pods Manifest.lock */ = {
			isa = PBXShellScriptBuildPhase;
			buildActionMask = 2147483647;
			files = (
			);
			inputFileListPaths = (
			);
			inputPaths = (
				"${PODS_PODFILE_DIR_PATH}/Podfile.lock",
				"${PODS_ROOT}/Manifest.lock",
			);
			name = "[CP] Check Pods Manifest.lock";
			outputFileListPaths = (
			);
			outputPaths = (
				"$(DERIVED_FILE_DIR)/Pods-iSongsUITests-checkManifestLockResult.txt",
			);
			runOnlyForDeploymentPostprocessing = 0;
			shellPath = /bin/sh;
			shellScript = "diff \"${PODS_PODFILE_DIR_PATH}/Podfile.lock\" \"${PODS_ROOT}/Manifest.lock\" > /dev/null\nif [ $? != 0 ] ; then\n    # print error to STDERR\n    echo \"error: The sandbox is not in sync with the Podfile.lock. Run 'pod install' or update your CocoaPods installation.\" >&2\n    exit 1\nfi\n# This output is used by Xcode 'outputs' to avoid re-running this script phase.\necho \"SUCCESS\" > \"${SCRIPT_OUTPUT_FILE_0}\"\n";
			showEnvVarsInLog = 0;
		};
/* End PBXShellScriptBuildPhase section */

/* Begin PBXSourcesBuildPhase section */
		E4F248172CD6E2E30063AC18 /* Sources */ = {
			isa = PBXSourcesBuildPhase;
			buildActionMask = 2147483647;
			files = (
				E44FCD412CD6E8EA00270709 /* PlaybackManager.swift in Sources */,
				E44FCD3C2CD6E8EA00270709 /* MiniPlayerView.swift in Sources */,
				E44FCD3F2CD6E8EA00270709 /* SearchView.swift in Sources */,
				E44FCD442CD6E8EA00270709 /* PlaylistDetailView.swift in Sources */,
				E44FCD392CD6E8EA00270709 /* HomeView.swift in Sources */,
				E44FCD422CD6E8EA00270709 /* ProfileView.swift in Sources */,
				E44FCD432CD6E8EA00270709 /* LibraryView.swift in Sources */,
				E4F248212CD6E2E30063AC18 /* ContentView.swift in Sources */,
				E44FCD3E2CD6E8EA00270709 /* ThemeManager.swift in Sources */,
				E44FCD3D2CD6E8EA00270709 /* AuthenticationView.swift in Sources */,
				E4F2481F2CD6E2E30063AC18 /* iSongsApp.swift in Sources */,
				E44FCD402CD6E8EA00270709 /* YouTubeService.swift in Sources */,
				E44FCD3A2CD6E8EA00270709 /* HomeViewModel.swift in Sources */,
				E44FCD3B2CD6E8EA00270709 /* NavigationManager.swift in Sources */,
			);
			runOnlyForDeploymentPostprocessing = 0;
		};
		E4F248272CD6E2E40063AC18 /* Sources */ = {
			isa = PBXSourcesBuildPhase;
			buildActionMask = 2147483647;
			files = (
				E4F248302CD6E2E40063AC18 /* iSongsTests.swift in Sources */,
			);
			runOnlyForDeploymentPostprocessing = 0;
		};
		E4F248312CD6E2E40063AC18 /* Sources */ = {
			isa = PBXSourcesBuildPhase;
			buildActionMask = 2147483647;
			files = (
				E4F2483A2CD6E2E40063AC18 /* iSongsUITests.swift in Sources */,
				E4F2483C2CD6E2E40063AC18 /* iSongsUITestsLaunchTests.swift in Sources */,
			);
			runOnlyForDeploymentPostprocessing = 0;
		};
/* End PBXSourcesBuildPhase section */

/* Begin PBXTargetDependency section */
		E4F2482D2CD6E2E40063AC18 /* PBXTargetDependency */ = {
			isa = PBXTargetDependency;
			target = E4F2481A2CD6E2E30063AC18 /* iSongs */;
			targetProxy = E4F2482C2CD6E2E40063AC18 /* PBXContainerItemProxy */;
		};
		E4F248372CD6E2E40063AC18 /* PBXTargetDependency */ = {
			isa = PBXTargetDependency;
			target = E4F2481A2CD6E2E30063AC18 /* iSongs */;
			targetProxy = E4F248362CD6E2E40063AC18 /* PBXContainerItemProxy */;
		};
/* End PBXTargetDependency section */

/* Begin XCBuildConfiguration section */
		E4F2483D2CD6E2E40063AC18 /* Debug */ = {
			isa = XCBuildConfiguration;
			buildSettings = {
				ALWAYS_SEARCH_USER_PATHS = NO;
				ASSETCATALOG_COMPILER_GENERATE_SWIFT_ASSET_SYMBOL_EXTENSIONS = YES;
				CLANG_ANALYZER_NONNULL = YES;
				CLANG_ANALYZER_NUMBER_OBJECT_CONVERSION = YES_AGGRESSIVE;
				CLANG_CXX_LANGUAGE_STANDARD = "gnu++20";
				CLANG_ENABLE_MODULES = YES;
				CLANG_ENABLE_OBJC_ARC = YES;
				CLANG_ENABLE_OBJC_WEAK = YES;
				CLANG_WARN_BLOCK_CAPTURE_AUTORELEASING = YES;
				CLANG_WARN_BOOL_CONVERSION = YES;
				CLANG_WARN_COMMA = YES;
				CLANG_WARN_CONSTANT_CONVERSION = YES;
				CLANG_WARN_DEPRECATED_OBJC_IMPLEMENTATIONS = YES;
				CLANG_WARN_DIRECT_OBJC_ISA_USAGE = YES_ERROR;
				CLANG_WARN_DOCUMENTATION_COMMENTS = YES;
				CLANG_WARN_EMPTY_BODY = YES;
				CLANG_WARN_ENUM_CONVERSION = YES;
				CLANG_WARN_INFINITE_RECURSION = YES;
				CLANG_WARN_INT_CONVERSION = YES;
				CLANG_WARN_NON_LITERAL_NULL_CONVERSION = YES;
				CLANG_WARN_OBJC_IMPLICIT_RETAIN_SELF = YES;
				CLANG_WARN_OBJC_LITERAL_CONVERSION = YES;
				CLANG_WARN_OBJC_ROOT_CLASS = YES_ERROR;
				CLANG_WARN_QUOTED_INCLUDE_IN_FRAMEWORK_HEADER = YES;
				CLANG_WARN_RANGE_LOOP_ANALYSIS = YES;
				CLANG_WARN_STRICT_PROTOTYPES = YES;
				CLANG_WARN_SUSPICIOUS_MOVE = YES;
				CLANG_WARN_UNGUARDED_AVAILABILITY = YES_AGGRESSIVE;
				CLANG_WARN_UNREACHABLE_CODE = YES;
				CLANG_WARN__DUPLICATE_METHOD_MATCH = YES;
				COPY_PHASE_STRIP = NO;
				DEBUG_INFORMATION_FORMAT = dwarf;
				ENABLE_STRICT_OBJC_MSGSEND = YES;
				ENABLE_TESTABILITY = YES;
				ENABLE_USER_SCRIPT_SANDBOXING = YES;
				GCC_C_LANGUAGE_STANDARD = gnu17;
				GCC_DYNAMIC_NO_PIC = NO;
				GCC_NO_COMMON_BLOCKS = YES;
				GCC_OPTIMIZATION_LEVEL = 0;
				GCC_PREPROCESSOR_DEFINITIONS = (
					"DEBUG=1",
					"$(inherited)",
				);
				GCC_WARN_64_TO_32_BIT_CONVERSION = YES;
				GCC_WARN_ABOUT_RETURN_TYPE = YES_ERROR;
				GCC_WARN_UNDECLARED_SELECTOR = YES;
				GCC_WARN_UNINITIALIZED_AUTOS = YES_AGGRESSIVE;
				GCC_WARN_UNUSED_FUNCTION = YES;
				GCC_WARN_UNUSED_VARIABLE = YES;
				IPHONEOS_DEPLOYMENT_TARGET = 17.5;
				LOCALIZATION_PREFERS_STRING_CATALOGS = YES;
				MTL_ENABLE_DEBUG_INFO = INCLUDE_SOURCE;
				MTL_FAST_MATH = YES;
				ONLY_ACTIVE_ARCH = YES;
				SDKROOT = iphoneos;
				SWIFT_ACTIVE_COMPILATION_CONDITIONS = "DEBUG $(inherited)";
				SWIFT_OPTIMIZATION_LEVEL = "-Onone";
			};
			name = Debug;
		};
		E4F2483E2CD6E2E40063AC18 /* Release */ = {
			isa = XCBuildConfiguration;
			buildSettings = {
				ALWAYS_SEARCH_USER_PATHS = NO;
				ASSETCATALOG_COMPILER_GENERATE_SWIFT_ASSET_SYMBOL_EXTENSIONS = YES;
				CLANG_ANALYZER_NONNULL = YES;
				CLANG_ANALYZER_NUMBER_OBJECT_CONVERSION = YES_AGGRESSIVE;
				CLANG_CXX_LANGUAGE_STANDARD = "gnu++20";
				CLANG_ENABLE_MODULES = YES;
				CLANG_ENABLE_OBJC_ARC = YES;
				CLANG_ENABLE_OBJC_WEAK = YES;
				CLANG_WARN_BLOCK_CAPTURE_AUTORELEASING = YES;
				CLANG_WARN_BOOL_CONVERSION = YES;
				CLANG_WARN_COMMA = YES;
				CLANG_WARN_CONSTANT_CONVERSION = YES;
				CLANG_WARN_DEPRECATED_OBJC_IMPLEMENTATIONS = YES;
				CLANG_WARN_DIRECT_OBJC_ISA_USAGE = YES_ERROR;
				CLANG_WARN_DOCUMENTATION_COMMENTS = YES;
				CLANG_WARN_EMPTY_BODY = YES;
				CLANG_WARN_ENUM_CONVERSION = YES;
				CLANG_WARN_INFINITE_RECURSION = YES;
				CLANG_WARN_INT_CONVERSION = YES;
				CLANG_WARN_NON_LITERAL_NULL_CONVERSION = YES;
				CLANG_WARN_OBJC_IMPLICIT_RETAIN_SELF = YES;
				CLANG_WARN_OBJC_LITERAL_CONVERSION = YES;
				CLANG_WARN_OBJC_ROOT_CLASS = YES_ERROR;
				CLANG_WARN_QUOTED_INCLUDE_IN_FRAMEWORK_HEADER = YES;
				CLANG_WARN_RANGE_LOOP_ANALYSIS = YES;
				CLANG_WARN_STRICT_PROTOTYPES = YES;
				CLANG_WARN_SUSPICIOUS_MOVE = YES;
				CLANG_WARN_UNGUARDED_AVAILABILITY = YES_AGGRESSIVE;
				CLANG_WARN_UNREACHABLE_CODE = YES;
				CLANG_WARN__DUPLICATE_METHOD_MATCH = YES;
				COPY_PHASE_STRIP = NO;
				DEBUG_INFORMATION_FORMAT = "dwarf-with-dsym";
				ENABLE_NS_ASSERTIONS = NO;
				ENABLE_STRICT_OBJC_MSGSEND = YES;
				ENABLE_USER_SCRIPT_SANDBOXING = YES;
				GCC_C_LANGUAGE_STANDARD = gnu17;
				GCC_NO_COMMON_BLOCKS = YES;
				GCC_WARN_64_TO_32_BIT_CONVERSION = YES;
				GCC_WARN_ABOUT_RETURN_TYPE = YES_ERROR;
				GCC_WARN_UNDECLARED_SELECTOR = YES;
				GCC_WARN_UNINITIALIZED_AUTOS = YES_AGGRESSIVE;
				GCC_WARN_UNUSED_FUNCTION = YES;
				GCC_WARN_UNUSED_VARIABLE = YES;
				IPHONEOS_DEPLOYMENT_TARGET = 17.5;
				LOCALIZATION_PREFERS_STRING_CATALOGS = YES;
				MTL_ENABLE_DEBUG_INFO = NO;
				MTL_FAST_MATH = YES;
				SDKROOT = iphoneos;
				SWIFT_COMPILATION_MODE = wholemodule;
				VALIDATE_PRODUCT = YES;
			};
			name = Release;
		};
		E4F248402CD6E2E40063AC18 /* Debug */ = {
			isa = XCBuildConfiguration;
			baseConfigurationReference = 9585F6E32A076E3927384A44 /* Pods-iSongs.debug.xcconfig */;
			buildSettings = {
				ASSETCATALOG_COMPILER_APPICON_NAME = AppIcon;
				ASSETCATALOG_COMPILER_GLOBAL_ACCENT_COLOR_NAME = AccentColor;
				CODE_SIGN_STYLE = Automatic;
				CURRENT_PROJECT_VERSION = 1;
				DEVELOPMENT_ASSET_PATHS = "\"iSongs/Preview Content\"";
				DEVELOPMENT_TEAM = SRH636DY45;
				ENABLE_PREVIEWS = YES;
				GENERATE_INFOPLIST_FILE = YES;
				INFOPLIST_KEY_UIApplicationSceneManifest_Generation = YES;
				INFOPLIST_KEY_UIApplicationSupportsIndirectInputEvents = YES;
				INFOPLIST_KEY_UILaunchScreen_Generation = YES;
				INFOPLIST_KEY_UISupportedInterfaceOrientations_iPad = "UIInterfaceOrientationPortrait UIInterfaceOrientationPortraitUpsideDown UIInterfaceOrientationLandscapeLeft UIInterfaceOrientationLandscapeRight";
				INFOPLIST_KEY_UISupportedInterfaceOrientations_iPhone = "UIInterfaceOrientationPortrait UIInterfaceOrientationLandscapeLeft UIInterfaceOrientationLandscapeRight";
				LD_RUNPATH_SEARCH_PATHS = (
					"$(inherited)",
					"@executable_path/Frameworks",
				);
				MARKETING_VERSION = 1.0;
				PRODUCT_BUNDLE_IDENTIFIER = "-DLogico.iSongs";
				PRODUCT_NAME = "$(TARGET_NAME)";
				SWIFT_EMIT_LOC_STRINGS = YES;
				SWIFT_VERSION = 5.0;
				TARGETED_DEVICE_FAMILY = "1,2";
			};
			name = Debug;
		};
		E4F248412CD6E2E40063AC18 /* Release */ = {
			isa = XCBuildConfiguration;
			baseConfigurationReference = 883C0581F4EE94A6100C3CB2 /* Pods-iSongs.release.xcconfig */;
			buildSettings = {
				ASSETCATALOG_COMPILER_APPICON_NAME = AppIcon;
				ASSETCATALOG_COMPILER_GLOBAL_ACCENT_COLOR_NAME = AccentColor;
				CODE_SIGN_STYLE = Automatic;
				CURRENT_PROJECT_VERSION = 1;
				DEVELOPMENT_ASSET_PATHS = "\"iSongs/Preview Content\"";
				DEVELOPMENT_TEAM = SRH636DY45;
				ENABLE_PREVIEWS = YES;
				GENERATE_INFOPLIST_FILE = YES;
				INFOPLIST_KEY_UIApplicationSceneManifest_Generation = YES;
				INFOPLIST_KEY_UIApplicationSupportsIndirectInputEvents = YES;
				INFOPLIST_KEY_UILaunchScreen_Generation = YES;
				INFOPLIST_KEY_UISupportedInterfaceOrientations_iPad = "UIInterfaceOrientationPortrait UIInterfaceOrientationPortraitUpsideDown UIInterfaceOrientationLandscapeLeft UIInterfaceOrientationLandscapeRight";
				INFOPLIST_KEY_UISupportedInterfaceOrientations_iPhone = "UIInterfaceOrientationPortrait UIInterfaceOrientationLandscapeLeft UIInterfaceOrientationLandscapeRight";
				LD_RUNPATH_SEARCH_PATHS = (
					"$(inherited)",
					"@executable_path/Frameworks",
				);
				MARKETING_VERSION = 1.0;
				PRODUCT_BUNDLE_IDENTIFIER = "-DLogico.iSongs";
				PRODUCT_NAME = "$(TARGET_NAME)";
				SWIFT_EMIT_LOC_STRINGS = YES;
				SWIFT_VERSION = 5.0;
				TARGETED_DEVICE_FAMILY = "1,2";
			};
			name = Release;
		};
		E4F248432CD6E2E40063AC18 /* Debug */ = {
			isa = XCBuildConfiguration;
			baseConfigurationReference = E64CDC5BA58452B27BD1344D /* Pods-iSongsTests.debug.xcconfig */;
			buildSettings = {
				ALWAYS_EMBED_SWIFT_STANDARD_LIBRARIES = YES;
				BUNDLE_LOADER = "$(TEST_HOST)";
				CODE_SIGN_STYLE = Automatic;
				CURRENT_PROJECT_VERSION = 1;
				DEVELOPMENT_TEAM = SRH636DY45;
				GENERATE_INFOPLIST_FILE = YES;
				IPHONEOS_DEPLOYMENT_TARGET = 17.5;
				MARKETING_VERSION = 1.0;
				PRODUCT_BUNDLE_IDENTIFIER = "-DLogico.iSongsTests";
				PRODUCT_NAME = "$(TARGET_NAME)";
				SWIFT_EMIT_LOC_STRINGS = NO;
				SWIFT_VERSION = 5.0;
				TARGETED_DEVICE_FAMILY = "1,2";
				TEST_HOST = "$(BUILT_PRODUCTS_DIR)/iSongs.app/$(BUNDLE_EXECUTABLE_FOLDER_PATH)/iSongs";
			};
			name = Debug;
		};
		E4F248442CD6E2E40063AC18 /* Release */ = {
			isa = XCBuildConfiguration;
			baseConfigurationReference = D00118CD71E0E6530605E23F /* Pods-iSongsTests.release.xcconfig */;
			buildSettings = {
				ALWAYS_EMBED_SWIFT_STANDARD_LIBRARIES = YES;
				BUNDLE_LOADER = "$(TEST_HOST)";
				CODE_SIGN_STYLE = Automatic;
				CURRENT_PROJECT_VERSION = 1;
				DEVELOPMENT_TEAM = SRH636DY45;
				GENERATE_INFOPLIST_FILE = YES;
				IPHONEOS_DEPLOYMENT_TARGET = 17.5;
				MARKETING_VERSION = 1.0;
				PRODUCT_BUNDLE_IDENTIFIER = "-DLogico.iSongsTests";
				PRODUCT_NAME = "$(TARGET_NAME)";
				SWIFT_EMIT_LOC_STRINGS = NO;
				SWIFT_VERSION = 5.0;
				TARGETED_DEVICE_FAMILY = "1,2";
				TEST_HOST = "$(BUILT_PRODUCTS_DIR)/iSongs.app/$(BUNDLE_EXECUTABLE_FOLDER_PATH)/iSongs";
			};
			name = Release;
		};
		E4F248462CD6E2E40063AC18 /* Debug */ = {
			isa = XCBuildConfiguration;
			baseConfigurationReference = 2DE618CC9F164AB0A6813E1B /* Pods-iSongsUITests.debug.xcconfig */;
			buildSettings = {
				ALWAYS_EMBED_SWIFT_STANDARD_LIBRARIES = YES;
				CODE_SIGN_STYLE = Automatic;
				CURRENT_PROJECT_VERSION = 1;
				DEVELOPMENT_TEAM = SRH636DY45;
				GENERATE_INFOPLIST_FILE = YES;
				MARKETING_VERSION = 1.0;
				PRODUCT_BUNDLE_IDENTIFIER = "-DLogico.iSongsUITests";
				PRODUCT_NAME = "$(TARGET_NAME)";
				SWIFT_EMIT_LOC_STRINGS = NO;
				SWIFT_VERSION = 5.0;
				TARGETED_DEVICE_FAMILY = "1,2";
				TEST_TARGET_NAME = iSongs;
			};
			name = Debug;
		};
		E4F248472CD6E2E40063AC18 /* Release */ = {
			isa = XCBuildConfiguration;
			baseConfigurationReference = CC5D97147063E65980D7F1BE /* Pods-iSongsUITests.release.xcconfig */;
			buildSettings = {
				ALWAYS_EMBED_SWIFT_STANDARD_LIBRARIES = YES;
				CODE_SIGN_STYLE = Automatic;
				CURRENT_PROJECT_VERSION = 1;
				DEVELOPMENT_TEAM = SRH636DY45;
				GENERATE_INFOPLIST_FILE = YES;
				MARKETING_VERSION = 1.0;
				PRODUCT_BUNDLE_IDENTIFIER = "-DLogico.iSongsUITests";
				PRODUCT_NAME = "$(TARGET_NAME)";
				SWIFT_EMIT_LOC_STRINGS = NO;
				SWIFT_VERSION = 5.0;
				TARGETED_DEVICE_FAMILY = "1,2";
				TEST_TARGET_NAME = iSongs;
			};
			name = Release;
		};
/* End XCBuildConfiguration section */

/* Begin XCConfigurationList section */
		E4F248162CD6E2E30063AC18 /* Build configuration list for PBXProject "iSongs" */ = {
			isa = XCConfigurationList;
			buildConfigurations = (
				E4F2483D2CD6E2E40063AC18 /* Debug */,
				E4F2483E2CD6E2E40063AC18 /* Release */,
			);
			defaultConfigurationIsVisible = 0;
			defaultConfigurationName = Release;
		};
		E4F2483F2CD6E2E40063AC18 /* Build configuration list for PBXNativeTarget "iSongs" */ = {
			isa = XCConfigurationList;
			buildConfigurations = (
				E4F248402CD6E2E40063AC18 /* Debug */,
				E4F248412CD6E2E40063AC18 /* Release */,
			);
			defaultConfigurationIsVisible = 0;
			defaultConfigurationName = Release;
		};
		E4F248422CD6E2E40063AC18 /* Build configuration list for PBXNativeTarget "iSongsTests" */ = {
			isa = XCConfigurationList;
			buildConfigurations = (
				E4F248432CD6E2E40063AC18 /* Debug */,
				E4F248442CD6E2E40063AC18 /* Release */,
			);
			defaultConfigurationIsVisible = 0;
			defaultConfigurationName = Release;
		};
		E4F248452CD6E2E40063AC18 /* Build configuration list for PBXNativeTarget "iSongsUITests" */ = {
			isa = XCConfigurationList;
			buildConfigurations = (
				E4F248462CD6E2E40063AC18 /* Debug */,
				E4F248472CD6E2E40063AC18 /* Release */,
			);
			defaultConfigurationIsVisible = 0;
			defaultConfigurationName = Release;
		};
/* End XCConfigurationList section */
	};
	rootObject = E4F248132CD6E2E30063AC18 /* Project object */;
}
